
Microsoft Visual Studio Solution File, Format Version 12.00
# Visual Studio Version 17
VisualStudioVersion = 17.6.33723.286
MinimumVisualStudioVersion = 10.0.40219.1
Project("{FAE04EC0-301F-11D3-BF4B-00C04F79EFBC}") = "HospitalWF", "HospitalWF\HospitalWF.csproj", "{ECD81557-6DB4-47B6-864A-5388C40CEA69}"
EndProject
Global
	GlobalSection(SolutionConfigurationPlatforms) = preSolution
		Debug|Any CPU = Debug|Any CPU
		Release|Any CPU = Release|Any CPU
	EndGlobalSection
	GlobalSection(ProjectConfigurationPlatforms) = postSolution
		{ECD81557-6DB4-47B6-864A-5388C40CEA69}.Debug|Any CPU.ActiveCfg = Debug|Any CPU
		{ECD81557-6DB4-47B6-864A-5388C40CEA69}.Debug|Any CPU.Build.0 = Debug|Any CPU
		{ECD81557-6DB4-47B6-864A-5388C40CEA69}.Release|Any CPU.ActiveCfg = Release|Any CPU
		{ECD81557-6DB4-47B6-864A-5388C40CEA69}.Release|Any CPU.Build.0 = Release|Any CPU
	EndGlobalSection
	GlobalSection(SolutionProperties) = preSolution
		HideSolutionNode = FALSE
	EndGlobalSection
	GlobalSection(ExtensibilityGlobals) = postSolution
		SolutionGuid = {79AC5FF1-6734-4A33-849A-545DC733E56C}
	EndGlobalSection
EndGlobal
